// !$*UTF8*$!
{
	archiveVersion = 1;
	classes = {
	};
	objectVersion = 56;
	objects = {

/* Begin PBXBuildFile section */
		163BA33E2A4C774E00839902 /* LaunchScreen.storyboard in Resources */ = {isa = PBXBuildFile; fileRef = 163BA33D2A4C774E00839902 /* LaunchScreen.storyboard */; };
		16E89E422A4384A000001F73 /* ChotAIApp.swift in Sources */ = {isa = PBXBuildFile; fileRef = 16E89E412A4384A000001F73 /* ChotAIApp.swift */; };
		16E89E442A4384A000001F73 /* ContentView.swift in Sources */ = {isa = PBXBuildFile; fileRef = 16E89E432A4384A000001F73 /* ContentView.swift */; };
		16E89E462A4384A100001F73 /* Assets.xcassets in Resources */ = {isa = PBXBuildFile; fileRef = 16E89E452A4384A100001F73 /* Assets.xcassets */; };
		16E89E492A4384A100001F73 /* Preview Assets.xcassets in Resources */ = {isa = PBXBuildFile; fileRef = 16E89E482A4384A100001F73 /* Preview Assets.xcassets */; };
		16E89E502A4384B100001F73 /* ModelData.swift in Sources */ = {isa = PBXBuildFile; fileRef = 16E89E4F2A4384B100001F73 /* ModelData.swift */; };
		16E89E572A43853100001F73 /* ProfileImage.swift in Sources */ = {isa = PBXBuildFile; fileRef = 16E89E562A43853100001F73 /* ProfileImage.swift */; };
		16E89E5A2A43856100001F73 /* ModelProfile.swift in Sources */ = {isa = PBXBuildFile; fileRef = 16E89E592A43856100001F73 /* ModelProfile.swift */; };
		16E89E5C2A43858E00001F73 /* ProfileHost.swift in Sources */ = {isa = PBXBuildFile; fileRef = 16E89E5B2A43858E00001F73 /* ProfileHost.swift */; };
		16E89E5E2A43859900001F73 /* UserProfile.swift in Sources */ = {isa = PBXBuildFile; fileRef = 16E89E5D2A43859900001F73 /* UserProfile.swift */; };
		16E89E602A4385A900001F73 /* ProfileEditor.swift in Sources */ = {isa = PBXBuildFile; fileRef = 16E89E5F2A4385A900001F73 /* ProfileEditor.swift */; };
		16E89E652A4386B100001F73 /* OpenAIKit in Frameworks */ = {isa = PBXBuildFile; productRef = 16E89E642A4386B100001F73 /* OpenAIKit */; };
		16E89E672A438C0700001F73 /* Conversation.swift in Sources */ = {isa = PBXBuildFile; fileRef = 16E89E662A438C0700001F73 /* Conversation.swift */; };
		16E89E6A2A438FBB00001F73 /* ViewMessage.swift in Sources */ = {isa = PBXBuildFile; fileRef = 16E89E692A438FBB00001F73 /* ViewMessage.swift */; };
		16E89E6C2A43901200001F73 /* AIChat.swift in Sources */ = {isa = PBXBuildFile; fileRef = 16E89E6B2A43901200001F73 /* AIChat.swift */; };
		16E89E6E2A4396CF00001F73 /* ModelMessage.swift in Sources */ = {isa = PBXBuildFile; fileRef = 16E89E6D2A4396CF00001F73 /* ModelMessage.swift */; };
		16F6D07D2A45C1EA00C0EAB6 /* LoadingMessage.swift in Sources */ = {isa = PBXBuildFile; fileRef = 16F6D07C2A45C1EA00C0EAB6 /* LoadingMessage.swift */; };
		16F6D0822A4ADE5500C0EAB6 /* DeleteHost.swift in Sources */ = {isa = PBXBuildFile; fileRef = 16F6D0812A4ADE5500C0EAB6 /* DeleteHost.swift */; };
		16F6D0842A4ADE5D00C0EAB6 /* DeleteRow.swift in Sources */ = {isa = PBXBuildFile; fileRef = 16F6D0832A4ADE5D00C0EAB6 /* DeleteRow.swift */; };
		16F6D0892A4B0B3F00C0EAB6 /* CreateProfile.swift in Sources */ = {isa = PBXBuildFile; fileRef = 16F6D0882A4B0B3F00C0EAB6 /* CreateProfile.swift */; };
		16F6D08B2A4B128900C0EAB6 /* AppHome.swift in Sources */ = {isa = PBXBuildFile; fileRef = 16F6D08A2A4B128900C0EAB6 /* AppHome.swift */; };
		16F6D0912A4B5E3B00C0EAB6 /* Login.swift in Sources */ = {isa = PBXBuildFile; fileRef = 16F6D0902A4B5E3B00C0EAB6 /* Login.swift */; };
/* End PBXBuildFile section */

/* Begin PBXFileReference section */
		163BA33D2A4C774E00839902 /* LaunchScreen.storyboard */ = {isa = PBXFileReference; lastKnownFileType = file.storyboard; path = LaunchScreen.storyboard; sourceTree = "<group>"; };
		163BA33F2A4C83C600839902 /* .gitignore.md */ = {isa = PBXFileReference; lastKnownFileType = net.daringfireball.markdown; path = .gitignore.md; sourceTree = "<group>"; };
		16E89E3E2A4384A000001F73 /* ChotAI.app */ = {isa = PBXFileReference; explicitFileType = wrapper.application; includeInIndex = 0; path = ChotAI.app; sourceTree = BUILT_PRODUCTS_DIR; };
		16E89E412A4384A000001F73 /* ChotAIApp.swift */ = {isa = PBXFileReference; lastKnownFileType = sourcecode.swift; path = ChotAIApp.swift; sourceTree = "<group>"; };
		16E89E432A4384A000001F73 /* ContentView.swift */ = {isa = PBXFileReference; lastKnownFileType = sourcecode.swift; path = ContentView.swift; sourceTree = "<group>"; };
		16E89E452A4384A100001F73 /* Assets.xcassets */ = {isa = PBXFileReference; lastKnownFileType = folder.assetcatalog; path = Assets.xcassets; sourceTree = "<group>"; };
		16E89E482A4384A100001F73 /* Preview Assets.xcassets */ = {isa = PBXFileReference; lastKnownFileType = folder.assetcatalog; path = "Preview Assets.xcassets"; sourceTree = "<group>"; };
		16E89E4F2A4384B100001F73 /* ModelData.swift */ = {isa = PBXFileReference; lastKnownFileType = sourcecode.swift; path = ModelData.swift; sourceTree = "<group>"; };
		16E89E562A43853100001F73 /* ProfileImage.swift */ = {isa = PBXFileReference; lastKnownFileType = sourcecode.swift; path = ProfileImage.swift; sourceTree = "<group>"; };
		16E89E592A43856100001F73 /* ModelProfile.swift */ = {isa = PBXFileReference; lastKnownFileType = sourcecode.swift; path = ModelProfile.swift; sourceTree = "<group>"; };
		16E89E5B2A43858E00001F73 /* ProfileHost.swift */ = {isa = PBXFileReference; lastKnownFileType = sourcecode.swift; path = ProfileHost.swift; sourceTree = "<group>"; };
		16E89E5D2A43859900001F73 /* UserProfile.swift */ = {isa = PBXFileReference; lastKnownFileType = sourcecode.swift; path = UserProfile.swift; sourceTree = "<group>"; };
		16E89E5F2A4385A900001F73 /* ProfileEditor.swift */ = {isa = PBXFileReference; lastKnownFileType = sourcecode.swift; path = ProfileEditor.swift; sourceTree = "<group>"; };
		16E89E662A438C0700001F73 /* Conversation.swift */ = {isa = PBXFileReference; lastKnownFileType = sourcecode.swift; path = Conversation.swift; sourceTree = "<group>"; };
		16E89E692A438FBB00001F73 /* ViewMessage.swift */ = {isa = PBXFileReference; lastKnownFileType = sourcecode.swift; path = ViewMessage.swift; sourceTree = "<group>"; };
		16E89E6B2A43901200001F73 /* AIChat.swift */ = {isa = PBXFileReference; lastKnownFileType = sourcecode.swift; path = AIChat.swift; sourceTree = "<group>"; };
		16E89E6D2A4396CF00001F73 /* ModelMessage.swift */ = {isa = PBXFileReference; lastKnownFileType = sourcecode.swift; path = ModelMessage.swift; sourceTree = "<group>"; };
		16F6D07C2A45C1EA00C0EAB6 /* LoadingMessage.swift */ = {isa = PBXFileReference; lastKnownFileType = sourcecode.swift; path = LoadingMessage.swift; sourceTree = "<group>"; };
		16F6D0812A4ADE5500C0EAB6 /* DeleteHost.swift */ = {isa = PBXFileReference; lastKnownFileType = sourcecode.swift; path = DeleteHost.swift; sourceTree = "<group>"; };
		16F6D0832A4ADE5D00C0EAB6 /* DeleteRow.swift */ = {isa = PBXFileReference; lastKnownFileType = sourcecode.swift; path = DeleteRow.swift; sourceTree = "<group>"; };
		16F6D0882A4B0B3F00C0EAB6 /* CreateProfile.swift */ = {isa = PBXFileReference; lastKnownFileType = sourcecode.swift; path = CreateProfile.swift; sourceTree = "<group>"; };
		16F6D08A2A4B128900C0EAB6 /* AppHome.swift */ = {isa = PBXFileReference; lastKnownFileType = sourcecode.swift; path = AppHome.swift; sourceTree = "<group>"; };
		16F6D0902A4B5E3B00C0EAB6 /* Login.swift */ = {isa = PBXFileReference; lastKnownFileType = sourcecode.swift; path = Login.swift; sourceTree = "<group>"; };
/* End PBXFileReference section */

/* Begin PBXFrameworksBuildPhase section */
		16E89E3B2A4384A000001F73 /* Frameworks */ = {
			isa = PBXFrameworksBuildPhase;
			buildActionMask = 2147483647;
			files = (
				16E89E652A4386B100001F73 /* OpenAIKit in Frameworks */,
			);
			runOnlyForDeploymentPostprocessing = 0;
		};
/* End PBXFrameworksBuildPhase section */

/* Begin PBXGroup section */
		16E89E352A4384A000001F73 = {
			isa = PBXGroup;
			children = (
				16E89E402A4384A000001F73 /* ChotAI */,
				16E89E3F2A4384A000001F73 /* Products */,
			);
			sourceTree = "<group>";
		};
		16E89E3F2A4384A000001F73 /* Products */ = {
			isa = PBXGroup;
			children = (
				16E89E3E2A4384A000001F73 /* ChotAI.app */,
			);
			name = Products;
			sourceTree = "<group>";
		};
		16E89E402A4384A000001F73 /* ChotAI */ = {
			isa = PBXGroup;
			children = (
				16E89E6F2A439BA700001F73 /* Deprecated */,
				16E89E612A4385F100001F73 /* Models */,
				16E89E512A4384F900001F73 /* Views */,
				16E89E452A4384A100001F73 /* Assets.xcassets */,
				16E89E472A4384A100001F73 /* Preview Content */,
				163BA33F2A4C83C600839902 /* .gitignore.md */,
				163BA33D2A4C774E00839902 /* LaunchScreen.storyboard */,
			);
			path = ChotAI;
			sourceTree = "<group>";
		};
		16E89E472A4384A100001F73 /* Preview Content */ = {
			isa = PBXGroup;
			children = (
				16E89E482A4384A100001F73 /* Preview Assets.xcassets */,
			);
			path = "Preview Content";
			sourceTree = "<group>";
		};
		16E89E512A4384F900001F73 /* Views */ = {
			isa = PBXGroup;
			children = (
				16E89E412A4384A000001F73 /* ChotAIApp.swift */,
				16E89E432A4384A000001F73 /* ContentView.swift */,
				16F6D08A2A4B128900C0EAB6 /* AppHome.swift */,
				16E89E622A43861700001F73 /* Chat */,
				16E89E582A43854100001F73 /* UserProfile */,
				16E89E552A43852600001F73 /* Helpers */,
			);
			path = Views;
			sourceTree = "<group>";
		};
		16E89E552A43852600001F73 /* Helpers */ = {
			isa = PBXGroup;
			children = (
				16E89E562A43853100001F73 /* ProfileImage.swift */,
			);
			path = Helpers;
			sourceTree = "<group>";
		};
		16E89E582A43854100001F73 /* UserProfile */ = {
			isa = PBXGroup;
			children = (
				16F6D0922A4B5F0F00C0EAB6 /* Profile Navigation */,
				16F6D0862A4B0B2700C0EAB6 /* Host */,
				16F6D0852A4B0B1C00C0EAB6 /* Edit */,
			);
			path = UserProfile;
			sourceTree = "<group>";
		};
		16E89E612A4385F100001F73 /* Models */ = {
			isa = PBXGroup;
			children = (
				16E89E592A43856100001F73 /* ModelProfile.swift */,
				16E89E4F2A4384B100001F73 /* ModelData.swift */,
				16E89E6D2A4396CF00001F73 /* ModelMessage.swift */,
			);
			path = Models;
			sourceTree = "<group>";
		};
		16E89E622A43861700001F73 /* Chat */ = {
			isa = PBXGroup;
			children = (
				16E89E6B2A43901200001F73 /* AIChat.swift */,
				16E89E682A438FB100001F73 /* Helpers */,
			);
			path = Chat;
			sourceTree = "<group>";
		};
		16E89E682A438FB100001F73 /* Helpers */ = {
			isa = PBXGroup;
			children = (
				16E89E692A438FBB00001F73 /* ViewMessage.swift */,
				16F6D07C2A45C1EA00C0EAB6 /* LoadingMessage.swift */,
			);
			path = Helpers;
			sourceTree = "<group>";
		};
		16E89E6F2A439BA700001F73 /* Deprecated */ = {
			isa = PBXGroup;
			children = (
				16E89E662A438C0700001F73 /* Conversation.swift */,
			);
			path = Deprecated;
			sourceTree = "<group>";
		};
		16F6D0802A4ADE4500C0EAB6 /* Delete Chats */ = {
			isa = PBXGroup;
			children = (
				16F6D0812A4ADE5500C0EAB6 /* DeleteHost.swift */,
				16F6D0832A4ADE5D00C0EAB6 /* DeleteRow.swift */,
			);
			path = "Delete Chats";
			sourceTree = "<group>";
		};
		16F6D0852A4B0B1C00C0EAB6 /* Edit */ = {
			isa = PBXGroup;
			children = (
				16E89E5F2A4385A900001F73 /* ProfileEditor.swift */,
				16F6D0802A4ADE4500C0EAB6 /* Delete Chats */,
			);
			path = Edit;
			sourceTree = "<group>";
		};
		16F6D0862A4B0B2700C0EAB6 /* Host */ = {
			isa = PBXGroup;
			children = (
				16E89E5D2A43859900001F73 /* UserProfile.swift */,
				16E89E5B2A43858E00001F73 /* ProfileHost.swift */,
			);
			path = Host;
			sourceTree = "<group>";
		};
		16F6D0922A4B5F0F00C0EAB6 /* Profile Navigation */ = {
			isa = PBXGroup;
			children = (
				16F6D0902A4B5E3B00C0EAB6 /* Login.swift */,
				16F6D0882A4B0B3F00C0EAB6 /* CreateProfile.swift */,
			);
			path = "Profile Navigation";
			sourceTree = "<group>";
		};
/* End PBXGroup section */

/* Begin PBXNativeTarget section */
		16E89E3D2A4384A000001F73 /* ChotAI */ = {
			isa = PBXNativeTarget;
			buildConfigurationList = 16E89E4C2A4384A100001F73 /* Build configuration list for PBXNativeTarget "ChotAI" */;
			buildPhases = (
				16E89E3A2A4384A000001F73 /* Sources */,
				16E89E3B2A4384A000001F73 /* Frameworks */,
				16E89E3C2A4384A000001F73 /* Resources */,
			);
			buildRules = (
			);
			dependencies = (
			);
			name = ChotAI;
			packageProductDependencies = (
				16E89E642A4386B100001F73 /* OpenAIKit */,
			);
			productName = ChotAI;
			productReference = 16E89E3E2A4384A000001F73 /* ChotAI.app */;
			productType = "com.apple.product-type.application";
		};
/* End PBXNativeTarget section */

/* Begin PBXProject section */
		16E89E362A4384A000001F73 /* Project object */ = {
			isa = PBXProject;
			attributes = {
				BuildIndependentTargetsInParallel = 1;
				LastSwiftUpdateCheck = 1430;
				LastUpgradeCheck = 1430;
				TargetAttributes = {
					16E89E3D2A4384A000001F73 = {
						CreatedOnToolsVersion = 14.3.1;
					};
				};
			};
			buildConfigurationList = 16E89E392A4384A000001F73 /* Build configuration list for PBXProject "ChotAI" */;
			compatibilityVersion = "Xcode 14.0";
			developmentRegion = en;
			hasScannedForEncodings = 0;
			knownRegions = (
				en,
				Base,
			);
			mainGroup = 16E89E352A4384A000001F73;
			packageReferences = (
				16E89E632A4386B100001F73 /* XCRemoteSwiftPackageReference "OpenAIKit" */,
			);
			productRefGroup = 16E89E3F2A4384A000001F73 /* Products */;
			projectDirPath = "";
			projectRoot = "";
			targets = (
				16E89E3D2A4384A000001F73 /* ChotAI */,
			);
		};
/* End PBXProject section */

/* Begin PBXResourcesBuildPhase section */
		16E89E3C2A4384A000001F73 /* Resources */ = {
			isa = PBXResourcesBuildPhase;
			buildActionMask = 2147483647;
			files = (
				163BA33E2A4C774E00839902 /* LaunchScreen.storyboard in Resources */,
				16E89E492A4384A100001F73 /* Preview Assets.xcassets in Resources */,
				16E89E462A4384A100001F73 /* Assets.xcassets in Resources */,
			);
			runOnlyForDeploymentPostprocessing = 0;
		};
/* End PBXResourcesBuildPhase section */

/* Begin PBXSourcesBuildPhase section */
		16E89E3A2A4384A000001F73 /* Sources */ = {
			isa = PBXSourcesBuildPhase;
			buildActionMask = 2147483647;
			files = (
				16E89E442A4384A000001F73 /* ContentView.swift in Sources */,
				16E89E6E2A4396CF00001F73 /* ModelMessage.swift in Sources */,
				16F6D0842A4ADE5D00C0EAB6 /* DeleteRow.swift in Sources */,
				16F6D0892A4B0B3F00C0EAB6 /* CreateProfile.swift in Sources */,
				16E89E5C2A43858E00001F73 /* ProfileHost.swift in Sources */,
				16E89E422A4384A000001F73 /* ChotAIApp.swift in Sources */,
				16F6D0822A4ADE5500C0EAB6 /* DeleteHost.swift in Sources */,
				16E89E5E2A43859900001F73 /* UserProfile.swift in Sources */,
				16E89E5A2A43856100001F73 /* ModelProfile.swift in Sources */,
				16E89E572A43853100001F73 /* ProfileImage.swift in Sources */,
				16F6D07D2A45C1EA00C0EAB6 /* LoadingMessage.swift in Sources */,
				16E89E6C2A43901200001F73 /* AIChat.swift in Sources */,
				16E89E502A4384B100001F73 /* ModelData.swift in Sources */,
				16E89E672A438C0700001F73 /* Conversation.swift in Sources */,
				16E89E602A4385A900001F73 /* ProfileEditor.swift in Sources */,
				16F6D0912A4B5E3B00C0EAB6 /* Login.swift in Sources */,
				16F6D08B2A4B128900C0EAB6 /* AppHome.swift in Sources */,
				16E89E6A2A438FBB00001F73 /* ViewMessage.swift in Sources */,
			);
			runOnlyForDeploymentPostprocessing = 0;
		};
/* End PBXSourcesBuildPhase section */

/* Begin XCBuildConfiguration section */
		16E89E4A2A4384A100001F73 /* Debug */ = {
			isa = XCBuildConfiguration;
			buildSettings = {
				ALWAYS_SEARCH_USER_PATHS = NO;
				CLANG_ANALYZER_NONNULL = YES;
				CLANG_ANALYZER_NUMBER_OBJECT_CONVERSION = YES_AGGRESSIVE;
				CLANG_CXX_LANGUAGE_STANDARD = "gnu++20";
				CLANG_ENABLE_MODULES = YES;
				CLANG_ENABLE_OBJC_ARC = YES;
				CLANG_ENABLE_OBJC_WEAK = YES;
				CLANG_WARN_BLOCK_CAPTURE_AUTORELEASING = YES;
				CLANG_WARN_BOOL_CONVERSION = YES;
				CLANG_WARN_COMMA = YES;
				CLANG_WARN_CONSTANT_CONVERSION = YES;
				CLANG_WARN_DEPRECATED_OBJC_IMPLEMENTATIONS = YES;
				CLANG_WARN_DIRECT_OBJC_ISA_USAGE = YES_ERROR;
				CLANG_WARN_DOCUMENTATION_COMMENTS = YES;
				CLANG_WARN_EMPTY_BODY = YES;
				CLANG_WARN_ENUM_CONVERSION = YES;
				CLANG_WARN_INFINITE_RECURSION = YES;
				CLANG_WARN_INT_CONVERSION = YES;
				CLANG_WARN_NON_LITERAL_NULL_CONVERSION = YES;
				CLANG_WARN_OBJC_IMPLICIT_RETAIN_SELF = YES;
				CLANG_WARN_OBJC_LITERAL_CONVERSION = YES;
				CLANG_WARN_OBJC_ROOT_CLASS = YES_ERROR;
				CLANG_WARN_QUOTED_INCLUDE_IN_FRAMEWORK_HEADER = YES;
				CLANG_WARN_RANGE_LOOP_ANALYSIS = YES;
				CLANG_WARN_STRICT_PROTOTYPES = YES;
				CLANG_WARN_SUSPICIOUS_MOVE = YES;
				CLANG_WARN_UNGUARDED_AVAILABILITY = YES_AGGRESSIVE;
				CLANG_WARN_UNREACHABLE_CODE = YES;
				CLANG_WARN__DUPLICATE_METHOD_MATCH = YES;
				COPY_PHASE_STRIP = NO;
				DEBUG_INFORMATION_FORMAT = dwarf;
				ENABLE_STRICT_OBJC_MSGSEND = YES;
				ENABLE_TESTABILITY = YES;
				GCC_C_LANGUAGE_STANDARD = gnu11;
				GCC_DYNAMIC_NO_PIC = NO;
				GCC_NO_COMMON_BLOCKS = YES;
				GCC_OPTIMIZATION_LEVEL = 0;
				GCC_PREPROCESSOR_DEFINITIONS = (
					"DEBUG=1",
					"$(inherited)",
				);
				GCC_WARN_64_TO_32_BIT_CONVERSION = YES;
				GCC_WARN_ABOUT_RETURN_TYPE = YES_ERROR;
				GCC_WARN_UNDECLARED_SELECTOR = YES;
				GCC_WARN_UNINITIALIZED_AUTOS = YES_AGGRESSIVE;
				GCC_WARN_UNUSED_FUNCTION = YES;
				GCC_WARN_UNUSED_VARIABLE = YES;
				IPHONEOS_DEPLOYMENT_TARGET = 16.4;
				MTL_ENABLE_DEBUG_INFO = INCLUDE_SOURCE;
				MTL_FAST_MATH = YES;
				ONLY_ACTIVE_ARCH = YES;
				SDKROOT = iphoneos;
				SWIFT_ACTIVE_COMPILATION_CONDITIONS = DEBUG;
				SWIFT_OPTIMIZATION_LEVEL = "-Onone";
			};
			name = Debug;
		};
		16E89E4B2A4384A100001F73 /* Release */ = {
			isa = XCBuildConfiguration;
			buildSettings = {
				ALWAYS_SEARCH_USER_PATHS = NO;
				CLANG_ANALYZER_NONNULL = YES;
				CLANG_ANALYZER_NUMBER_OBJECT_CONVERSION = YES_AGGRESSIVE;
				CLANG_CXX_LANGUAGE_STANDARD = "gnu++20";
				CLANG_ENABLE_MODULES = YES;
				CLANG_ENABLE_OBJC_ARC = YES;
				CLANG_ENABLE_OBJC_WEAK = YES;
				CLANG_WARN_BLOCK_CAPTURE_AUTORELEASING = YES;
				CLANG_WARN_BOOL_CONVERSION = YES;
				CLANG_WARN_COMMA = YES;
				CLANG_WARN_CONSTANT_CONVERSION = YES;
				CLANG_WARN_DEPRECATED_OBJC_IMPLEMENTATIONS = YES;
				CLANG_WARN_DIRECT_OBJC_ISA_USAGE = YES_ERROR;
				CLANG_WARN_DOCUMENTATION_COMMENTS = YES;
				CLANG_WARN_EMPTY_BODY = YES;
				CLANG_WARN_ENUM_CONVERSION = YES;
				CLANG_WARN_INFINITE_RECURSION = YES;
				CLANG_WARN_INT_CONVERSION = YES;
				CLANG_WARN_NON_LITERAL_NULL_CONVERSION = YES;
				CLANG_WARN_OBJC_IMPLICIT_RETAIN_SELF = YES;
				CLANG_WARN_OBJC_LITERAL_CONVERSION = YES;
				CLANG_WARN_OBJC_ROOT_CLASS = YES_ERROR;
				CLANG_WARN_QUOTED_INCLUDE_IN_FRAMEWORK_HEADER = YES;
				CLANG_WARN_RANGE_LOOP_ANALYSIS = YES;
				CLANG_WARN_STRICT_PROTOTYPES = YES;
				CLANG_WARN_SUSPICIOUS_MOVE = YES;
				CLANG_WARN_UNGUARDED_AVAILABILITY = YES_AGGRESSIVE;
				CLANG_WARN_UNREACHABLE_CODE = YES;
				CLANG_WARN__DUPLICATE_METHOD_MATCH = YES;
				COPY_PHASE_STRIP = NO;
				DEBUG_INFORMATION_FORMAT = "dwarf-with-dsym";
				ENABLE_NS_ASSERTIONS = NO;
				ENABLE_STRICT_OBJC_MSGSEND = YES;
				GCC_C_LANGUAGE_STANDARD = gnu11;
				GCC_NO_COMMON_BLOCKS = YES;
				GCC_WARN_64_TO_32_BIT_CONVERSION = YES;
				GCC_WARN_ABOUT_RETURN_TYPE = YES_ERROR;
				GCC_WARN_UNDECLARED_SELECTOR = YES;
				GCC_WARN_UNINITIALIZED_AUTOS = YES_AGGRESSIVE;
				GCC_WARN_UNUSED_FUNCTION = YES;
				GCC_WARN_UNUSED_VARIABLE = YES;
				IPHONEOS_DEPLOYMENT_TARGET = 16.4;
				MTL_ENABLE_DEBUG_INFO = NO;
				MTL_FAST_MATH = YES;
				SDKROOT = iphoneos;
				SWIFT_COMPILATION_MODE = wholemodule;
				SWIFT_OPTIMIZATION_LEVEL = "-O";
				VALIDATE_PRODUCT = YES;
			};
			name = Release;
		};
		16E89E4D2A4384A100001F73 /* Debug */ = {
			isa = XCBuildConfiguration;
			buildSettings = {
				ASSETCATALOG_COMPILER_APPICON_NAME = AppIcon;
				ASSETCATALOG_COMPILER_GLOBAL_ACCENT_COLOR_NAME = AccentColor;
				CODE_SIGN_STYLE = Automatic;
				CURRENT_PROJECT_VERSION = 1;
				DEVELOPMENT_ASSET_PATHS = "\"ChotAI/Preview Content\"";
				DEVELOPMENT_TEAM = DGX2BG4C79;
				ENABLE_PREVIEWS = YES;
				GENERATE_INFOPLIST_FILE = YES;
				INFOPLIST_KEY_UIApplicationSceneManifest_Generation = YES;
				INFOPLIST_KEY_UIApplicationSupportsIndirectInputEvents = YES;
				INFOPLIST_KEY_UILaunchScreen_Generation = YES;
				INFOPLIST_KEY_UILaunchStoryboardName = LaunchScreen.storyboard;
				INFOPLIST_KEY_UISupportedInterfaceOrientations = UIInterfaceOrientationPortrait;
				LD_RUNPATH_SEARCH_PATHS = (
					"$(inherited)",
					"@executable_path/Frameworks",
				);
				MARKETING_VERSION = 1.0;
				PRODUCT_BUNDLE_IDENTIFIER = Anthony.ChotAI;
				PRODUCT_NAME = "$(TARGET_NAME)";
				SWIFT_EMIT_LOC_STRINGS = YES;
				SWIFT_VERSION = 5.0;
				TARGETED_DEVICE_FAMILY = "1,2";
			};
			name = Debug;
		};
		16E89E4E2A4384A100001F73 /* Release */ = {
			isa = XCBuildConfiguration;
			buildSettings = {
				ASSETCATALOG_COMPILER_APPICON_NAME = AppIcon;
				ASSETCATALOG_COMPILER_GLOBAL_ACCENT_COLOR_NAME = AccentColor;
				CODE_SIGN_STYLE = Automatic;
				CURRENT_PROJECT_VERSION = 1;
				DEVELOPMENT_ASSET_PATHS = "\"ChotAI/Preview Content\"";
				DEVELOPMENT_TEAM = DGX2BG4C79;
				ENABLE_PREVIEWS = YES;
				GENERATE_INFOPLIST_FILE = YES;
				INFOPLIST_KEY_UIApplicationSceneManifest_Generation = YES;
				INFOPLIST_KEY_UIApplicationSupportsIndirectInputEvents = YES;
				INFOPLIST_KEY_UILaunchScreen_Generation = YES;
				INFOPLIST_KEY_UILaunchStoryboardName = LaunchScreen.storyboard;
				INFOPLIST_KEY_UISupportedInterfaceOrientations = UIInterfaceOrientationPortrait;
				LD_RUNPATH_SEARCH_PATHS = (
					"$(inherited)",
					"@executable_path/Frameworks",
				);
				MARKETING_VERSION = 1.0;
				PRODUCT_BUNDLE_IDENTIFIER = Anthony.ChotAI;
				PRODUCT_NAME = "$(TARGET_NAME)";
				SWIFT_EMIT_LOC_STRINGS = YES;
				SWIFT_VERSION = 5.0;
				TARGETED_DEVICE_FAMILY = "1,2";
			};
			name = Release;
		};
/* End XCBuildConfiguration section */

/* Begin XCConfigurationList section */
		16E89E392A4384A000001F73 /* Build configuration list for PBXProject "ChotAI" */ = {
			isa = XCConfigurationList;
			buildConfigurations = (
				16E89E4A2A4384A100001F73 /* Debug */,
				16E89E4B2A4384A100001F73 /* Release */,
			);
			defaultConfigurationIsVisible = 0;
			defaultConfigurationName = Release;
		};
		16E89E4C2A4384A100001F73 /* Build configuration list for PBXNativeTarget "ChotAI" */ = {
			isa = XCConfigurationList;
			buildConfigurations = (
				16E89E4D2A4384A100001F73 /* Debug */,
				16E89E4E2A4384A100001F73 /* Release */,
			);
			defaultConfigurationIsVisible = 0;
			defaultConfigurationName = Release;
		};
/* End XCConfigurationList section */

/* Begin XCRemoteSwiftPackageReference section */
		16E89E632A4386B100001F73 /* XCRemoteSwiftPackageReference "OpenAIKit" */ = {
			isa = XCRemoteSwiftPackageReference;
			repositoryURL = "https://github.com/MarcoDotIO/OpenAIKit.git";
			requirement = {
				kind = upToNextMajorVersion;
				minimumVersion = 1.0.0;
			};
		};
/* End XCRemoteSwiftPackageReference section */

/* Begin XCSwiftPackageProductDependency section */
		16E89E642A4386B100001F73 /* OpenAIKit */ = {
			isa = XCSwiftPackageProductDependency;
			package = 16E89E632A4386B100001F73 /* XCRemoteSwiftPackageReference "OpenAIKit" */;
			productName = OpenAIKit;
		};
/* End XCSwiftPackageProductDependency section */
	};
	rootObject = 16E89E362A4384A000001F73 /* Project object */;
}
